
Microsoft Visual Studio Solution File, Format Version 12.00
# Visual Studio Version 17
VisualStudioVersion = 17.14.36429.23 d17.14
MinimumVisualStudioVersion = 10.0.40219.1
Project("{FAE04EC0-301F-11D3-BF4B-00C04F79EFBC}") = "FitnessCenterLab3", "FitnessCenterLab3.csproj", "{D368B486-7448-871E-F4E6-5788A3007B58}"
EndProject
Global
	GlobalSection(SolutionConfigurationPlatforms) = preSolution
		Debug|Any CPU = Debug|Any CPU
		Release|Any CPU = Release|Any CPU
	EndGlobalSection
	GlobalSection(ProjectConfigurationPlatforms) = postSolution
		{D368B486-7448-871E-F4E6-5788A3007B58}.Debug|Any CPU.ActiveCfg = Debug|Any CPU
		{D368B486-7448-871E-F4E6-5788A3007B58}.Debug|Any CPU.Build.0 = Debug|Any CPU
		{D368B486-7448-871E-F4E6-5788A3007B58}.Release|Any CPU.ActiveCfg = Release|Any CPU
		{D368B486-7448-871E-F4E6-5788A3007B58}.Release|Any CPU.Build.0 = Release|Any CPU
	EndGlobalSection
	GlobalSection(SolutionProperties) = preSolution
		HideSolutionNode = FALSE
	EndGlobalSection
	GlobalSection(ExtensibilityGlobals) = postSolution
		SolutionGuid = {63375233-C154-4A80-B30A-C95BA8F1D3BD}
	EndGlobalSection
EndGlobal
